// !$*UTF8*$!
{
	archiveVersion = 1;
	classes = {
	};
	objectVersion = 56;
	objects = {

/* Begin PBXBuildFile section */
		251BCBE6296D586F007B495F /* Drink.swift in Sources */ = {isa = PBXBuildFile; fileRef = 251BCBE5296D586F007B495F /* Drink.swift */; };
		251BCBE9296D5F12007B495F /* DrinksAPIManager.swift in Sources */ = {isa = PBXBuildFile; fileRef = 251BCBE8296D5F12007B495F /* DrinksAPIManager.swift */; };
		2554B9FA296C4B4F00C2414B /* AppDelegate.swift in Sources */ = {isa = PBXBuildFile; fileRef = 2554B9F9296C4B4F00C2414B /* AppDelegate.swift */; };
		2554B9FC296C4B4F00C2414B /* SceneDelegate.swift in Sources */ = {isa = PBXBuildFile; fileRef = 2554B9FB296C4B4F00C2414B /* SceneDelegate.swift */; };
		2554B9FE296C4B4F00C2414B /* CocktailsViewController.swift in Sources */ = {isa = PBXBuildFile; fileRef = 2554B9FD296C4B4F00C2414B /* CocktailsViewController.swift */; };
		2554BA01296C4B4F00C2414B /* Cocktails.storyboard in Resources */ = {isa = PBXBuildFile; fileRef = 2554B9FF296C4B4F00C2414B /* Cocktails.storyboard */; };
		2554BA03296C4B5600C2414B /* Assets.xcassets in Resources */ = {isa = PBXBuildFile; fileRef = 2554BA02296C4B5600C2414B /* Assets.xcassets */; };
		2554BA06296C4B5600C2414B /* LaunchScreen.storyboard in Resources */ = {isa = PBXBuildFile; fileRef = 2554BA04296C4B5600C2414B /* LaunchScreen.storyboard */; };
/* End PBXBuildFile section */

/* Begin PBXFileReference section */
		251BCBE5296D586F007B495F /* Drink.swift */ = {isa = PBXFileReference; lastKnownFileType = sourcecode.swift; path = Drink.swift; sourceTree = "<group>"; };
		251BCBE8296D5F12007B495F /* DrinksAPIManager.swift */ = {isa = PBXFileReference; lastKnownFileType = sourcecode.swift; path = DrinksAPIManager.swift; sourceTree = "<group>"; };
		2554B9F6296C4B4F00C2414B /* Saxlshi Lecture17.app */ = {isa = PBXFileReference; explicitFileType = wrapper.application; includeInIndex = 0; path = "Saxlshi Lecture17.app"; sourceTree = BUILT_PRODUCTS_DIR; };
		2554B9F9296C4B4F00C2414B /* AppDelegate.swift */ = {isa = PBXFileReference; lastKnownFileType = sourcecode.swift; path = AppDelegate.swift; sourceTree = "<group>"; };
		2554B9FB296C4B4F00C2414B /* SceneDelegate.swift */ = {isa = PBXFileReference; lastKnownFileType = sourcecode.swift; path = SceneDelegate.swift; sourceTree = "<group>"; };
		2554B9FD296C4B4F00C2414B /* CocktailsViewController.swift */ = {isa = PBXFileReference; lastKnownFileType = sourcecode.swift; path = CocktailsViewController.swift; sourceTree = "<group>"; };
		2554BA00296C4B4F00C2414B /* Base */ = {isa = PBXFileReference; lastKnownFileType = file.storyboard; name = Base; path = Base.lproj/Cocktails.storyboard; sourceTree = "<group>"; };
		2554BA02296C4B5600C2414B /* Assets.xcassets */ = {isa = PBXFileReference; lastKnownFileType = folder.assetcatalog; path = Assets.xcassets; sourceTree = "<group>"; };
		2554BA05296C4B5600C2414B /* Base */ = {isa = PBXFileReference; lastKnownFileType = file.storyboard; name = Base; path = Base.lproj/LaunchScreen.storyboard; sourceTree = "<group>"; };
		2554BA07296C4B5600C2414B /* Info.plist */ = {isa = PBXFileReference; lastKnownFileType = text.plist.xml; path = Info.plist; sourceTree = "<group>"; };
/* End PBXFileReference section */

/* Begin PBXFrameworksBuildPhase section */
		2554B9F3296C4B4F00C2414B /* Frameworks */ = {
			isa = PBXFrameworksBuildPhase;
			buildActionMask = 2147483647;
			files = (
			);
			runOnlyForDeploymentPostprocessing = 0;
		};
/* End PBXFrameworksBuildPhase section */

/* Begin PBXGroup section */
		251BCBE4296D585B007B495F /* Model */ = {
			isa = PBXGroup;
			children = (
				251BCBE5296D586F007B495F /* Drink.swift */,
			);
			path = Model;
			sourceTree = "<group>";
		};
		251BCBE7296D5ED3007B495F /* APIManager */ = {
			isa = PBXGroup;
			children = (
				251BCBE8296D5F12007B495F /* DrinksAPIManager.swift */,
			);
			path = APIManager;
			sourceTree = "<group>";
		};
		2554B9ED296C4B4F00C2414B = {
			isa = PBXGroup;
			children = (
				2554B9F8296C4B4F00C2414B /* Saxlshi Lecture17 */,
				2554B9F7296C4B4F00C2414B /* Products */,
			);
			sourceTree = "<group>";
		};
		2554B9F7296C4B4F00C2414B /* Products */ = {
			isa = PBXGroup;
			children = (
				2554B9F6296C4B4F00C2414B /* Saxlshi Lecture17.app */,
			);
			name = Products;
			sourceTree = "<group>";
		};
		2554B9F8296C4B4F00C2414B /* Saxlshi Lecture17 */ = {
			isa = PBXGroup;
			children = (
				2554BA0D296C4D7300C2414B /* App */,
				2554BA10296C4DB100C2414B /* Scens */,
				2554BA0E296C4D7C00C2414B /* Resources */,
				2554BA0F296C4D8600C2414B /* SupportingFiles */,
			);
			path = "Saxlshi Lecture17";
			sourceTree = "<group>";
		};
		2554BA0D296C4D7300C2414B /* App */ = {
			isa = PBXGroup;
			children = (
				2554B9F9296C4B4F00C2414B /* AppDelegate.swift */,
				2554B9FB296C4B4F00C2414B /* SceneDelegate.swift */,
			);
			path = App;
			sourceTree = "<group>";
		};
		2554BA0E296C4D7C00C2414B /* Resources */ = {
			isa = PBXGroup;
			children = (
				2554BA02296C4B5600C2414B /* Assets.xcassets */,
			);
			path = Resources;
			sourceTree = "<group>";
		};
		2554BA0F296C4D8600C2414B /* SupportingFiles */ = {
			isa = PBXGroup;
			children = (
				2554BA07296C4B5600C2414B /* Info.plist */,
			);
			path = SupportingFiles;
			sourceTree = "<group>";
		};
		2554BA10296C4DB100C2414B /* Scens */ = {
			isa = PBXGroup;
			children = (
				2554BA11296C4DB900C2414B /* Launch */,
				2554BA12296C4DE100C2414B /* Cocktails */,
			);
			path = Scens;
			sourceTree = "<group>";
		};
		2554BA11296C4DB900C2414B /* Launch */ = {
			isa = PBXGroup;
			children = (
				2554BA04296C4B5600C2414B /* LaunchScreen.storyboard */,
			);
			path = Launch;
			sourceTree = "<group>";
		};
		2554BA12296C4DE100C2414B /* Cocktails */ = {
			isa = PBXGroup;
			children = (
				251BCBE4296D585B007B495F /* Model */,
				251BCBE7296D5ED3007B495F /* APIManager */,
				2554B9FD296C4B4F00C2414B /* CocktailsViewController.swift */,
				2554B9FF296C4B4F00C2414B /* Cocktails.storyboard */,
			);
			path = Cocktails;
			sourceTree = "<group>";
		};
/* End PBXGroup section */

/* Begin PBXNativeTarget section */
		2554B9F5296C4B4F00C2414B /* Saxlshi Lecture17 */ = {
			isa = PBXNativeTarget;
			buildConfigurationList = 2554BA0A296C4B5600C2414B /* Build configuration list for PBXNativeTarget "Saxlshi Lecture17" */;
			buildPhases = (
				2554B9F2296C4B4F00C2414B /* Sources */,
				2554B9F3296C4B4F00C2414B /* Frameworks */,
				2554B9F4296C4B4F00C2414B /* Resources */,
			);
			buildRules = (
			);
			dependencies = (
			);
			name = "Saxlshi Lecture17";
			productName = "Saxlshi Lecture17";
			productReference = 2554B9F6296C4B4F00C2414B /* Saxlshi Lecture17.app */;
			productType = "com.apple.product-type.application";
		};
/* End PBXNativeTarget section */

/* Begin PBXProject section */
		2554B9EE296C4B4F00C2414B /* Project object */ = {
			isa = PBXProject;
			attributes = {
				BuildIndependentTargetsInParallel = 1;
				LastSwiftUpdateCheck = 1420;
				LastUpgradeCheck = 1420;
				TargetAttributes = {
					2554B9F5296C4B4F00C2414B = {
						CreatedOnToolsVersion = 14.2;
					};
				};
			};
			buildConfigurationList = 2554B9F1296C4B4F00C2414B /* Build configuration list for PBXProject "Saxlshi Lecture17" */;
			compatibilityVersion = "Xcode 14.0";
			developmentRegion = en;
			hasScannedForEncodings = 0;
			knownRegions = (
				en,
				Base,
			);
			mainGroup = 2554B9ED296C4B4F00C2414B;
			productRefGroup = 2554B9F7296C4B4F00C2414B /* Products */;
			projectDirPath = "";
			projectRoot = "";
			targets = (
				2554B9F5296C4B4F00C2414B /* Saxlshi Lecture17 */,
			);
		};
/* End PBXProject section */

/* Begin PBXResourcesBuildPhase section */
		2554B9F4296C4B4F00C2414B /* Resources */ = {
			isa = PBXResourcesBuildPhase;
			buildActionMask = 2147483647;
			files = (
				2554BA06296C4B5600C2414B /* LaunchScreen.storyboard in Resources */,
				2554BA03296C4B5600C2414B /* Assets.xcassets in Resources */,
				2554BA01296C4B4F00C2414B /* Cocktails.storyboard in Resources */,
			);
			runOnlyForDeploymentPostprocessing = 0;
		};
/* End PBXResourcesBuildPhase section */

/* Begin PBXSourcesBuildPhase section */
		2554B9F2296C4B4F00C2414B /* Sources */ = {
			isa = PBXSourcesBuildPhase;
			buildActionMask = 2147483647;
			files = (
				2554B9FE296C4B4F00C2414B /* CocktailsViewController.swift in Sources */,
				2554B9FA296C4B4F00C2414B /* AppDelegate.swift in Sources */,
				251BCBE9296D5F12007B495F /* DrinksAPIManager.swift in Sources */,
				2554B9FC296C4B4F00C2414B /* SceneDelegate.swift in Sources */,
				251BCBE6296D586F007B495F /* Drink.swift in Sources */,
			);
			runOnlyForDeploymentPostprocessing = 0;
		};
/* End PBXSourcesBuildPhase section */

/* Begin PBXVariantGroup section */
		2554B9FF296C4B4F00C2414B /* Cocktails.storyboard */ = {
			isa = PBXVariantGroup;
			children = (
				2554BA00296C4B4F00C2414B /* Base */,
			);
			name = Cocktails.storyboard;
			sourceTree = "<group>";
		};
		2554BA04296C4B5600C2414B /* LaunchScreen.storyboard */ = {
			isa = PBXVariantGroup;
			children = (
				2554BA05296C4B5600C2414B /* Base */,
			);
			name = LaunchScreen.storyboard;
			sourceTree = "<group>";
		};
/* End PBXVariantGroup section */

/* Begin XCBuildConfiguration section */
		2554BA08296C4B5600C2414B /* Debug */ = {
			isa = XCBuildConfiguration;
			buildSettings = {
				ALWAYS_SEARCH_USER_PATHS = NO;
				CLANG_ANALYZER_NONNULL = YES;
				CLANG_ANALYZER_NUMBER_OBJECT_CONVERSION = YES_AGGRESSIVE;
				CLANG_CXX_LANGUAGE_STANDARD = "gnu++20";
				CLANG_ENABLE_MODULES = YES;
				CLANG_ENABLE_OBJC_ARC = YES;
				CLANG_ENABLE_OBJC_WEAK = YES;
				CLANG_WARN_BLOCK_CAPTURE_AUTORELEASING = YES;
				CLANG_WARN_BOOL_CONVERSION = YES;
				CLANG_WARN_COMMA = YES;
				CLANG_WARN_CONSTANT_CONVERSION = YES;
				CLANG_WARN_DEPRECATED_OBJC_IMPLEMENTATIONS = YES;
				CLANG_WARN_DIRECT_OBJC_ISA_USAGE = YES_ERROR;
				CLANG_WARN_DOCUMENTATION_COMMENTS = YES;
				CLANG_WARN_EMPTY_BODY = YES;
				CLANG_WARN_ENUM_CONVERSION = YES;
				CLANG_WARN_INFINITE_RECURSION = YES;
				CLANG_WARN_INT_CONVERSION = YES;
				CLANG_WARN_NON_LITERAL_NULL_CONVERSION = YES;
				CLANG_WARN_OBJC_IMPLICIT_RETAIN_SELF = YES;
				CLANG_WARN_OBJC_LITERAL_CONVERSION = YES;
				CLANG_WARN_OBJC_ROOT_CLASS = YES_ERROR;
				CLANG_WARN_QUOTED_INCLUDE_IN_FRAMEWORK_HEADER = YES;
				CLANG_WARN_RANGE_LOOP_ANALYSIS = YES;
				CLANG_WARN_STRICT_PROTOTYPES = YES;
				CLANG_WARN_SUSPICIOUS_MOVE = YES;
				CLANG_WARN_UNGUARDED_AVAILABILITY = YES_AGGRESSIVE;
				CLANG_WARN_UNREACHABLE_CODE = YES;
				CLANG_WARN__DUPLICATE_METHOD_MATCH = YES;
				COPY_PHASE_STRIP = NO;
				DEBUG_INFORMATION_FORMAT = dwarf;
				ENABLE_STRICT_OBJC_MSGSEND = YES;
				ENABLE_TESTABILITY = YES;
				GCC_C_LANGUAGE_STANDARD = gnu11;
				GCC_DYNAMIC_NO_PIC = NO;
				GCC_NO_COMMON_BLOCKS = YES;
				GCC_OPTIMIZATION_LEVEL = 0;
				GCC_PREPROCESSOR_DEFINITIONS = (
					"DEBUG=1",
					"$(inherited)",
				);
				GCC_WARN_64_TO_32_BIT_CONVERSION = YES;
				GCC_WARN_ABOUT_RETURN_TYPE = YES_ERROR;
				GCC_WARN_UNDECLARED_SELECTOR = YES;
				GCC_WARN_UNINITIALIZED_AUTOS = YES_AGGRESSIVE;
				GCC_WARN_UNUSED_FUNCTION = YES;
				GCC_WARN_UNUSED_VARIABLE = YES;
				IPHONEOS_DEPLOYMENT_TARGET = 16.2;
				MTL_ENABLE_DEBUG_INFO = INCLUDE_SOURCE;
				MTL_FAST_MATH = YES;
				ONLY_ACTIVE_ARCH = YES;
				SDKROOT = iphoneos;
				SWIFT_ACTIVE_COMPILATION_CONDITIONS = DEBUG;
				SWIFT_OPTIMIZATION_LEVEL = "-Onone";
			};
			name = Debug;
		};
		2554BA09296C4B5600C2414B /* Release */ = {
			isa = XCBuildConfiguration;
			buildSettings = {
				ALWAYS_SEARCH_USER_PATHS = NO;
				CLANG_ANALYZER_NONNULL = YES;
				CLANG_ANALYZER_NUMBER_OBJECT_CONVERSION = YES_AGGRESSIVE;
				CLANG_CXX_LANGUAGE_STANDARD = "gnu++20";
				CLANG_ENABLE_MODULES = YES;
				CLANG_ENABLE_OBJC_ARC = YES;
				CLANG_ENABLE_OBJC_WEAK = YES;
				CLANG_WARN_BLOCK_CAPTURE_AUTORELEASING = YES;
				CLANG_WARN_BOOL_CONVERSION = YES;
				CLANG_WARN_COMMA = YES;
				CLANG_WARN_CONSTANT_CONVERSION = YES;
				CLANG_WARN_DEPRECATED_OBJC_IMPLEMENTATIONS = YES;
				CLANG_WARN_DIRECT_OBJC_ISA_USAGE = YES_ERROR;
				CLANG_WARN_DOCUMENTATION_COMMENTS = YES;
				CLANG_WARN_EMPTY_BODY = YES;
				CLANG_WARN_ENUM_CONVERSION = YES;
				CLANG_WARN_INFINITE_RECURSION = YES;
				CLANG_WARN_INT_CONVERSION = YES;
				CLANG_WARN_NON_LITERAL_NULL_CONVERSION = YES;
				CLANG_WARN_OBJC_IMPLICIT_RETAIN_SELF = YES;
				CLANG_WARN_OBJC_LITERAL_CONVERSION = YES;
				CLANG_WARN_OBJC_ROOT_CLASS = YES_ERROR;
				CLANG_WARN_QUOTED_INCLUDE_IN_FRAMEWORK_HEADER = YES;
				CLANG_WARN_RANGE_LOOP_ANALYSIS = YES;
				CLANG_WARN_STRICT_PROTOTYPES = YES;
				CLANG_WARN_SUSPICIOUS_MOVE = YES;
				CLANG_WARN_UNGUARDED_AVAILABILITY = YES_AGGRESSIVE;
				CLANG_WARN_UNREACHABLE_CODE = YES;
				CLANG_WARN__DUPLICATE_METHOD_MATCH = YES;
				COPY_PHASE_STRIP = NO;
				DEBUG_INFORMATION_FORMAT = "dwarf-with-dsym";
				ENABLE_NS_ASSERTIONS = NO;
				ENABLE_STRICT_OBJC_MSGSEND = YES;
				GCC_C_LANGUAGE_STANDARD = gnu11;
				GCC_NO_COMMON_BLOCKS = YES;
				GCC_WARN_64_TO_32_BIT_CONVERSION = YES;
				GCC_WARN_ABOUT_RETURN_TYPE = YES_ERROR;
				GCC_WARN_UNDECLARED_SELECTOR = YES;
				GCC_WARN_UNINITIALIZED_AUTOS = YES_AGGRESSIVE;
				GCC_WARN_UNUSED_FUNCTION = YES;
				GCC_WARN_UNUSED_VARIABLE = YES;
				IPHONEOS_DEPLOYMENT_TARGET = 16.2;
				MTL_ENABLE_DEBUG_INFO = NO;
				MTL_FAST_MATH = YES;
				SDKROOT = iphoneos;
				SWIFT_COMPILATION_MODE = wholemodule;
				SWIFT_OPTIMIZATION_LEVEL = "-O";
				VALIDATE_PRODUCT = YES;
			};
			name = Release;
		};
		2554BA0B296C4B5600C2414B /* Debug */ = {
			isa = XCBuildConfiguration;
			buildSettings = {
				ASSETCATALOG_COMPILER_APPICON_NAME = AppIcon;
				ASSETCATALOG_COMPILER_GLOBAL_ACCENT_COLOR_NAME = AccentColor;
				CODE_SIGN_STYLE = Automatic;
				CURRENT_PROJECT_VERSION = 1;
				GENERATE_INFOPLIST_FILE = YES;
				INFOPLIST_FILE = "Saxlshi Lecture17/SupportingFiles/Info.plist";
				INFOPLIST_KEY_UIApplicationSupportsIndirectInputEvents = YES;
				INFOPLIST_KEY_UILaunchStoryboardName = LaunchScreen;
				INFOPLIST_KEY_UIMainStoryboardFile = Cocktails;
				INFOPLIST_KEY_UISupportedInterfaceOrientations_iPad = "UIInterfaceOrientationPortrait UIInterfaceOrientationPortraitUpsideDown UIInterfaceOrientationLandscapeLeft UIInterfaceOrientationLandscapeRight";
				INFOPLIST_KEY_UISupportedInterfaceOrientations_iPhone = "UIInterfaceOrientationPortrait UIInterfaceOrientationLandscapeLeft UIInterfaceOrientationLandscapeRight";
				LD_RUNPATH_SEARCH_PATHS = (
					"$(inherited)",
					"@executable_path/Frameworks",
				);
				MARKETING_VERSION = 1.0;
				PRODUCT_BUNDLE_IDENTIFIER = "gogina.Saxlshi-Lecture17";
				PRODUCT_NAME = "$(TARGET_NAME)";
				SWIFT_EMIT_LOC_STRINGS = YES;
				SWIFT_VERSION = 5.0;
				TARGETED_DEVICE_FAMILY = "1,2";
			};
			name = Debug;
		};
		2554BA0C296C4B5600C2414B /* Release */ = {
			isa = XCBuildConfiguration;
			buildSettings = {
				ASSETCATALOG_COMPILER_APPICON_NAME = AppIcon;
				ASSETCATALOG_COMPILER_GLOBAL_ACCENT_COLOR_NAME = AccentColor;
				CODE_SIGN_STYLE = Automatic;
				CURRENT_PROJECT_VERSION = 1;
				GENERATE_INFOPLIST_FILE = YES;
				INFOPLIST_FILE = "Saxlshi Lecture17/SupportingFiles/Info.plist";
				INFOPLIST_KEY_UIApplicationSupportsIndirectInputEvents = YES;
				INFOPLIST_KEY_UILaunchStoryboardName = LaunchScreen;
				INFOPLIST_KEY_UIMainStoryboardFile = Cocktails;
				INFOPLIST_KEY_UISupportedInterfaceOrientations_iPad = "UIInterfaceOrientationPortrait UIInterfaceOrientationPortraitUpsideDown UIInterfaceOrientationLandscapeLeft UIInterfaceOrientationLandscapeRight";
				INFOPLIST_KEY_UISupportedInterfaceOrientations_iPhone = "UIInterfaceOrientationPortrait UIInterfaceOrientationLandscapeLeft UIInterfaceOrientationLandscapeRight";
				LD_RUNPATH_SEARCH_PATHS = (
					"$(inherited)",
					"@executable_path/Frameworks",
				);
				MARKETING_VERSION = 1.0;
				PRODUCT_BUNDLE_IDENTIFIER = "gogina.Saxlshi-Lecture17";
				PRODUCT_NAME = "$(TARGET_NAME)";
				SWIFT_EMIT_LOC_STRINGS = YES;
				SWIFT_VERSION = 5.0;
				TARGETED_DEVICE_FAMILY = "1,2";
			};
			name = Release;
		};
/* End XCBuildConfiguration section */

/* Begin XCConfigurationList section */
		2554B9F1296C4B4F00C2414B /* Build configuration list for PBXProject "Saxlshi Lecture17" */ = {
			isa = XCConfigurationList;
			buildConfigurations = (
				2554BA08296C4B5600C2414B /* Debug */,
				2554BA09296C4B5600C2414B /* Release */,
			);
			defaultConfigurationIsVisible = 0;
			defaultConfigurationName = Release;
		};
		2554BA0A296C4B5600C2414B /* Build configuration list for PBXNativeTarget "Saxlshi Lecture17" */ = {
			isa = XCConfigurationList;
			buildConfigurations = (
				2554BA0B296C4B5600C2414B /* Debug */,
				2554BA0C296C4B5600C2414B /* Release */,
			);
			defaultConfigurationIsVisible = 0;
			defaultConfigurationName = Release;
		};
/* End XCConfigurationList section */
	};
	rootObject = 2554B9EE296C4B4F00C2414B /* Project object */;
}
